
Microsoft Visual Studio Solution File, Format Version 12.00
# Visual Studio Version 17
VisualStudioVersion = 17.11.35327.3
MinimumVisualStudioVersion = 10.0.40219.1
Project("{FAE04EC0-301F-11D3-BF4B-00C04F79EFBC}") = "EduToyRentAPI", "EduToyRentAPI\EduToyRentAPI.csproj", "{ED240AEB-AE2B-41D4-87B5-2B2FDB7B6896}"
EndProject
Project("{FAE04EC0-301F-11D3-BF4B-00C04F79EFBC}") = "EduToyRentRepositories", "EduToyRentRepositories\EduToyRentRepositories.csproj", "{17CE5CA3-D7BD-4112-81EC-C4DCC3EC8B19}"
EndProject
Global
	GlobalSection(SolutionConfigurationPlatforms) = preSolution
		Debug|Any CPU = Debug|Any CPU
		Release|Any CPU = Release|Any CPU
	EndGlobalSection
	GlobalSection(ProjectConfigurationPlatforms) = postSolution
		{ED240AEB-AE2B-41D4-87B5-2B2FDB7B6896}.Debug|Any CPU.ActiveCfg = Debug|Any CPU
		{ED240AEB-AE2B-41D4-87B5-2B2FDB7B6896}.Debug|Any CPU.Build.0 = Debug|Any CPU
		{ED240AEB-AE2B-41D4-87B5-2B2FDB7B6896}.Release|Any CPU.ActiveCfg = Release|Any CPU
		{ED240AEB-AE2B-41D4-87B5-2B2FDB7B6896}.Release|Any CPU.Build.0 = Release|Any CPU
		{17CE5CA3-D7BD-4112-81EC-C4DCC3EC8B19}.Debug|Any CPU.ActiveCfg = Debug|Any CPU
		{17CE5CA3-D7BD-4112-81EC-C4DCC3EC8B19}.Debug|Any CPU.Build.0 = Debug|Any CPU
		{17CE5CA3-D7BD-4112-81EC-C4DCC3EC8B19}.Release|Any CPU.ActiveCfg = Release|Any CPU
		{17CE5CA3-D7BD-4112-81EC-C4DCC3EC8B19}.Release|Any CPU.Build.0 = Release|Any CPU
	EndGlobalSection
	GlobalSection(SolutionProperties) = preSolution
		HideSolutionNode = FALSE
	EndGlobalSection
	GlobalSection(ExtensibilityGlobals) = postSolution
		SolutionGuid = {1FBA4EF7-8FBE-4D16-8A09-ADB2F8845A76}
	EndGlobalSection
EndGlobal
